
Microsoft Visual Studio Solution File, Format Version 12.00
# Visual Studio 2013
VisualStudioVersion = 12.0.31101.0
MinimumVisualStudioVersion = 10.0.40219.1
Project("{FAE04EC0-301F-11D3-BF4B-00C04F79EFBC}") = "Education.Core", "Education.Core\Education.Core.csproj", "{FD9AE61C-EEB4-47BA-B5C3-8FE3E8AA541D}"
EndProject
Project("{FAE04EC0-301F-11D3-BF4B-00C04F79EFBC}") = "Education.Cmd", "Education.Cmd\Education.Cmd.csproj", "{AB0103E3-1F6C-4308-8DC6-5ECABC0772F0}"
EndProject
Global
	GlobalSection(SolutionConfigurationPlatforms) = preSolution
		Debug|Any CPU = Debug|Any CPU
		Release|Any CPU = Release|Any CPU
	EndGlobalSection
	GlobalSection(ProjectConfigurationPlatforms) = postSolution
		{FD9AE61C-EEB4-47BA-B5C3-8FE3E8AA541D}.Debug|Any CPU.ActiveCfg = Debug|Any CPU
		{FD9AE61C-EEB4-47BA-B5C3-8FE3E8AA541D}.Debug|Any CPU.Build.0 = Debug|Any CPU
		{FD9AE61C-EEB4-47BA-B5C3-8FE3E8AA541D}.Release|Any CPU.ActiveCfg = Release|Any CPU
		{FD9AE61C-EEB4-47BA-B5C3-8FE3E8AA541D}.Release|Any CPU.Build.0 = Release|Any CPU
		{AB0103E3-1F6C-4308-8DC6-5ECABC0772F0}.Debug|Any CPU.ActiveCfg = Debug|Any CPU
		{AB0103E3-1F6C-4308-8DC6-5ECABC0772F0}.Debug|Any CPU.Build.0 = Debug|Any CPU
		{AB0103E3-1F6C-4308-8DC6-5ECABC0772F0}.Release|Any CPU.ActiveCfg = Release|Any CPU
		{AB0103E3-1F6C-4308-8DC6-5ECABC0772F0}.Release|Any CPU.Build.0 = Release|Any CPU
	EndGlobalSection
	GlobalSection(SolutionProperties) = preSolution
		HideSolutionNode = FALSE
	EndGlobalSection
EndGlobal
